// !$*UTF8*$!
{
	archiveVersion = 1;
	classes = {
	};
	objectVersion = 46;
	objects = {

/* Begin PBXBuildFile section */
		8431A90B1F00A2B500AEAC96 /* main.m in Sources */ = {isa = PBXBuildFile; fileRef = 8431A90A1F00A2B500AEAC96 /* main.m */; };
		8431A90E1F00A2B500AEAC96 /* AppDelegate.m in Sources */ = {isa = PBXBuildFile; fileRef = 8431A90D1F00A2B500AEAC96 /* AppDelegate.m */; };
		8431A9111F00A2B600AEAC96 /* ViewController.m in Sources */ = {isa = PBXBuildFile; fileRef = 8431A9101F00A2B600AEAC96 /* ViewController.m */; };
		8431A9141F00A2B600AEAC96 /* Main.storyboard in Resources */ = {isa = PBXBuildFile; fileRef = 8431A9121F00A2B600AEAC96 /* Main.storyboard */; };
		8431A9161F00A2B600AEAC96 /* Assets.xcassets in Resources */ = {isa = PBXBuildFile; fileRef = 8431A9151F00A2B600AEAC96 /* Assets.xcassets */; };
		8431A9191F00A2B600AEAC96 /* LaunchScreen.storyboard in Resources */ = {isa = PBXBuildFile; fileRef = 8431A9171F00A2B600AEAC96 /* LaunchScreen.storyboard */; };
		8431A9241F00A2B600AEAC96 /* ReplayerTests.m in Sources */ = {isa = PBXBuildFile; fileRef = 8431A9231F00A2B600AEAC96 /* ReplayerTests.m */; };
		8431A92F1F00A2B600AEAC96 /* ReplayerUITests.m in Sources */ = {isa = PBXBuildFile; fileRef = 8431A92E1F00A2B600AEAC96 /* ReplayerUITests.m */; };
/* End PBXBuildFile section */

/* Begin PBXContainerItemProxy section */
		8431A9201F00A2B600AEAC96 /* PBXContainerItemProxy */ = {
			isa = PBXContainerItemProxy;
			containerPortal = 8431A8FE1F00A2B500AEAC96 /* Project object */;
			proxyType = 1;
			remoteGlobalIDString = 8431A9051F00A2B500AEAC96;
			remoteInfo = Replayer;
		};
		8431A92B1F00A2B600AEAC96 /* PBXContainerItemProxy */ = {
			isa = PBXContainerItemProxy;
			containerPortal = 8431A8FE1F00A2B500AEAC96 /* Project object */;
			proxyType = 1;
			remoteGlobalIDString = 8431A9051F00A2B500AEAC96;
			remoteInfo = Replayer;
		};
/* End PBXContainerItemProxy section */

/* Begin PBXFileReference section */
		8431A9061F00A2B500AEAC96 /* Replayer.app */ = {isa = PBXFileReference; explicitFileType = wrapper.application; includeInIndex = 0; path = Replayer.app; sourceTree = BUILT_PRODUCTS_DIR; };
		8431A90A1F00A2B500AEAC96 /* main.m */ = {isa = PBXFileReference; lastKnownFileType = sourcecode.c.objc; path = main.m; sourceTree = "<group>"; };
		8431A90C1F00A2B500AEAC96 /* AppDelegate.h */ = {isa = PBXFileReference; lastKnownFileType = sourcecode.c.h; path = AppDelegate.h; sourceTree = "<group>"; };
		8431A90D1F00A2B500AEAC96 /* AppDelegate.m */ = {isa = PBXFileReference; lastKnownFileType = sourcecode.c.objc; path = AppDelegate.m; sourceTree = "<group>"; };
		8431A90F1F00A2B600AEAC96 /* ViewController.h */ = {isa = PBXFileReference; lastKnownFileType = sourcecode.c.h; path = ViewController.h; sourceTree = "<group>"; };
		8431A9101F00A2B600AEAC96 /* ViewController.m */ = {isa = PBXFileReference; lastKnownFileType = sourcecode.c.objc; path = ViewController.m; sourceTree = "<group>"; };
		8431A9131F00A2B600AEAC96 /* Base */ = {isa = PBXFileReference; lastKnownFileType = file.storyboard; name = Base; path = Base.lproj/Main.storyboard; sourceTree = "<group>"; };
		8431A9151F00A2B600AEAC96 /* Assets.xcassets */ = {isa = PBXFileReference; lastKnownFileType = folder.assetcatalog; path = Assets.xcassets; sourceTree = "<group>"; };
		8431A9181F00A2B600AEAC96 /* Base */ = {isa = PBXFileReference; lastKnownFileType = file.storyboard; name = Base; path = Base.lproj/LaunchScreen.storyboard; sourceTree = "<group>"; };
		8431A91A1F00A2B600AEAC96 /* Info.plist */ = {isa = PBXFileReference; lastKnownFileType = text.plist.xml; path = Info.plist; sourceTree = "<group>"; };
		8431A91F1F00A2B600AEAC96 /* ReplayerTests.xctest */ = {isa = PBXFileReference; explicitFileType = wrapper.cfbundle; includeInIndex = 0; path = ReplayerTests.xctest; sourceTree = BUILT_PRODUCTS_DIR; };
		8431A9231F00A2B600AEAC96 /* ReplayerTests.m */ = {isa = PBXFileReference; lastKnownFileType = sourcecode.c.objc; path = ReplayerTests.m; sourceTree = "<group>"; };
		8431A9251F00A2B600AEAC96 /* Info.plist */ = {isa = PBXFileReference; lastKnownFileType = text.plist.xml; path = Info.plist; sourceTree = "<group>"; };
		8431A92A1F00A2B600AEAC96 /* ReplayerUITests.xctest */ = {isa = PBXFileReference; explicitFileType = wrapper.cfbundle; includeInIndex = 0; path = ReplayerUITests.xctest; sourceTree = BUILT_PRODUCTS_DIR; };
		8431A92E1F00A2B600AEAC96 /* ReplayerUITests.m */ = {isa = PBXFileReference; lastKnownFileType = sourcecode.c.objc; path = ReplayerUITests.m; sourceTree = "<group>"; };
		8431A9301F00A2B600AEAC96 /* Info.plist */ = {isa = PBXFileReference; lastKnownFileType = text.plist.xml; path = Info.plist; sourceTree = "<group>"; };
/* End PBXFileReference section */

/* Begin PBXFrameworksBuildPhase section */
		8431A9031F00A2B500AEAC96 /* Frameworks */ = {
			isa = PBXFrameworksBuildPhase;
			buildActionMask = 2147483647;
			files = (
			);
			runOnlyForDeploymentPostprocessing = 0;
		};
		8431A91C1F00A2B600AEAC96 /* Frameworks */ = {
			isa = PBXFrameworksBuildPhase;
			buildActionMask = 2147483647;
			files = (
			);
			runOnlyForDeploymentPostprocessing = 0;
		};
		8431A9271F00A2B600AEAC96 /* Frameworks */ = {
			isa = PBXFrameworksBuildPhase;
			buildActionMask = 2147483647;
			files = (
			);
			runOnlyForDeploymentPostprocessing = 0;
		};
/* End PBXFrameworksBuildPhase section */

/* Begin PBXGroup section */
		8431A8FD1F00A2B500AEAC96 = {
			isa = PBXGroup;
			children = (
				8431A9081F00A2B500AEAC96 /* Replayer */,
				8431A9221F00A2B600AEAC96 /* ReplayerTests */,
				8431A92D1F00A2B600AEAC96 /* ReplayerUITests */,
				8431A9071F00A2B500AEAC96 /* Products */,
			);
			sourceTree = "<group>";
		};
		8431A9071F00A2B500AEAC96 /* Products */ = {
			isa = PBXGroup;
			children = (
				8431A9061F00A2B500AEAC96 /* Replayer.app */,
				8431A91F1F00A2B600AEAC96 /* ReplayerTests.xctest */,
				8431A92A1F00A2B600AEAC96 /* ReplayerUITests.xctest */,
			);
			name = Products;
			sourceTree = "<group>";
		};
		8431A9081F00A2B500AEAC96 /* Replayer */ = {
			isa = PBXGroup;
			children = (
				8431A90C1F00A2B500AEAC96 /* AppDelegate.h */,
				8431A90D1F00A2B500AEAC96 /* AppDelegate.m */,
				8431A90F1F00A2B600AEAC96 /* ViewController.h */,
				8431A9101F00A2B600AEAC96 /* ViewController.m */,
				8431A9121F00A2B600AEAC96 /* Main.storyboard */,
				8431A9151F00A2B600AEAC96 /* Assets.xcassets */,
				8431A9171F00A2B600AEAC96 /* LaunchScreen.storyboard */,
				8431A91A1F00A2B600AEAC96 /* Info.plist */,
				8431A9091F00A2B500AEAC96 /* Supporting Files */,
			);
			path = Replayer;
			sourceTree = "<group>";
		};
		8431A9091F00A2B500AEAC96 /* Supporting Files */ = {
			isa = PBXGroup;
			children = (
				8431A90A1F00A2B500AEAC96 /* main.m */,
			);
			name = "Supporting Files";
			sourceTree = "<group>";
		};
		8431A9221F00A2B600AEAC96 /* ReplayerTests */ = {
			isa = PBXGroup;
			children = (
				8431A9231F00A2B600AEAC96 /* ReplayerTests.m */,
				8431A9251F00A2B600AEAC96 /* Info.plist */,
			);
			path = ReplayerTests;
			sourceTree = "<group>";
		};
		8431A92D1F00A2B600AEAC96 /* ReplayerUITests */ = {
			isa = PBXGroup;
			children = (
				8431A92E1F00A2B600AEAC96 /* ReplayerUITests.m */,
				8431A9301F00A2B600AEAC96 /* Info.plist */,
			);
			path = ReplayerUITests;
			sourceTree = "<group>";
		};
/* End PBXGroup section */

/* Begin PBXNativeTarget section */
		8431A9051F00A2B500AEAC96 /* Replayer */ = {
			isa = PBXNativeTarget;
			buildConfigurationList = 8431A9331F00A2B600AEAC96 /* Build configuration list for PBXNativeTarget "Replayer" */;
			buildPhases = (
				8431A9021F00A2B500AEAC96 /* Sources */,
				8431A9031F00A2B500AEAC96 /* Frameworks */,
				8431A9041F00A2B500AEAC96 /* Resources */,
			);
			buildRules = (
			);
			dependencies = (
			);
			name = Replayer;
			productName = Replayer;
			productReference = 8431A9061F00A2B500AEAC96 /* Replayer.app */;
			productType = "com.apple.product-type.application";
		};
		8431A91E1F00A2B600AEAC96 /* ReplayerTests */ = {
			isa = PBXNativeTarget;
			buildConfigurationList = 8431A9361F00A2B600AEAC96 /* Build configuration list for PBXNativeTarget "ReplayerTests" */;
			buildPhases = (
				8431A91B1F00A2B600AEAC96 /* Sources */,
				8431A91C1F00A2B600AEAC96 /* Frameworks */,
				8431A91D1F00A2B600AEAC96 /* Resources */,
			);
			buildRules = (
			);
			dependencies = (
				8431A9211F00A2B600AEAC96 /* PBXTargetDependency */,
			);
			name = ReplayerTests;
			productName = ReplayerTests;
			productReference = 8431A91F1F00A2B600AEAC96 /* ReplayerTests.xctest */;
			productType = "com.apple.product-type.bundle.unit-test";
		};
		8431A9291F00A2B600AEAC96 /* ReplayerUITests */ = {
			isa = PBXNativeTarget;
			buildConfigurationList = 8431A9391F00A2B600AEAC96 /* Build configuration list for PBXNativeTarget "ReplayerUITests" */;
			buildPhases = (
				8431A9261F00A2B600AEAC96 /* Sources */,
				8431A9271F00A2B600AEAC96 /* Frameworks */,
				8431A9281F00A2B600AEAC96 /* Resources */,
			);
			buildRules = (
			);
			dependencies = (
				8431A92C1F00A2B600AEAC96 /* PBXTargetDependency */,
			);
			name = ReplayerUITests;
			productName = ReplayerUITests;
			productReference = 8431A92A1F00A2B600AEAC96 /* ReplayerUITests.xctest */;
			productType = "com.apple.product-type.bundle.ui-testing";
		};
/* End PBXNativeTarget section */

/* Begin PBXProject section */
		8431A8FE1F00A2B500AEAC96 /* Project object */ = {
			isa = PBXProject;
			attributes = {
				LastUpgradeCheck = 0830;
				ORGANIZATIONNAME = qifan.zhang;
				TargetAttributes = {
					8431A9051F00A2B500AEAC96 = {
						CreatedOnToolsVersion = 8.3.3;
						DevelopmentTeam = N8Y3LCHZY9;
						ProvisioningStyle = Automatic;
					};
					8431A91E1F00A2B600AEAC96 = {
						CreatedOnToolsVersion = 8.3.3;
						DevelopmentTeam = N8Y3LCHZY9;
						ProvisioningStyle = Automatic;
						TestTargetID = 8431A9051F00A2B500AEAC96;
					};
					8431A9291F00A2B600AEAC96 = {
						CreatedOnToolsVersion = 8.3.3;
						DevelopmentTeam = N8Y3LCHZY9;
						ProvisioningStyle = Automatic;
						TestTargetID = 8431A9051F00A2B500AEAC96;
					};
				};
			};
			buildConfigurationList = 8431A9011F00A2B500AEAC96 /* Build configuration list for PBXProject "Replayer" */;
			compatibilityVersion = "Xcode 3.2";
			developmentRegion = English;
			hasScannedForEncodings = 0;
			knownRegions = (
				en,
				Base,
			);
			mainGroup = 8431A8FD1F00A2B500AEAC96;
			productRefGroup = 8431A9071F00A2B500AEAC96 /* Products */;
			projectDirPath = "";
			projectRoot = "";
			targets = (
				8431A9051F00A2B500AEAC96 /* Replayer */,
				8431A91E1F00A2B600AEAC96 /* ReplayerTests */,
				8431A9291F00A2B600AEAC96 /* ReplayerUITests */,
			);
		};
/* End PBXProject section */

/* Begin PBXResourcesBuildPhase section */
		8431A9041F00A2B500AEAC96 /* Resources */ = {
			isa = PBXResourcesBuildPhase;
			buildActionMask = 2147483647;
			files = (
				8431A9191F00A2B600AEAC96 /* LaunchScreen.storyboard in Resources */,
				8431A9161F00A2B600AEAC96 /* Assets.xcassets in Resources */,
				8431A9141F00A2B600AEAC96 /* Main.storyboard in Resources */,
			);
			runOnlyForDeploymentPostprocessing = 0;
		};
		8431A91D1F00A2B600AEAC96 /* Resources */ = {
			isa = PBXResourcesBuildPhase;
			buildActionMask = 2147483647;
			files = (
			);
			runOnlyForDeploymentPostprocessing = 0;
		};
		8431A9281F00A2B600AEAC96 /* Resources */ = {
			isa = PBXResourcesBuildPhase;
			buildActionMask = 2147483647;
			files = (
			);
			runOnlyForDeploymentPostprocessing = 0;
		};
/* End PBXResourcesBuildPhase section */

/* Begin PBXSourcesBuildPhase section */
		8431A9021F00A2B500AEAC96 /* Sources */ = {
			isa = PBXSourcesBuildPhase;
			buildActionMask = 2147483647;
			files = (
				8431A9111F00A2B600AEAC96 /* ViewController.m in Sources */,
				8431A90E1F00A2B500AEAC96 /* AppDelegate.m in Sources */,
				8431A90B1F00A2B500AEAC96 /* main.m in Sources */,
			);
			runOnlyForDeploymentPostprocessing = 0;
		};
		8431A91B1F00A2B600AEAC96 /* Sources */ = {
			isa = PBXSourcesBuildPhase;
			buildActionMask = 2147483647;
			files = (
				8431A9241F00A2B600AEAC96 /* ReplayerTests.m in Sources */,
			);
			runOnlyForDeploymentPostprocessing = 0;
		};
		8431A9261F00A2B600AEAC96 /* Sources */ = {
			isa = PBXSourcesBuildPhase;
			buildActionMask = 2147483647;
			files = (
				8431A92F1F00A2B600AEAC96 /* ReplayerUITests.m in Sources */,
			);
			runOnlyForDeploymentPostprocessing = 0;
		};
/* End PBXSourcesBuildPhase section */

/* Begin PBXTargetDependency section */
		8431A9211F00A2B600AEAC96 /* PBXTargetDependency */ = {
			isa = PBXTargetDependency;
			target = 8431A9051F00A2B500AEAC96 /* Replayer */;
			targetProxy = 8431A9201F00A2B600AEAC96 /* PBXContainerItemProxy */;
		};
		8431A92C1F00A2B600AEAC96 /* PBXTargetDependency */ = {
			isa = PBXTargetDependency;
			target = 8431A9051F00A2B500AEAC96 /* Replayer */;
			targetProxy = 8431A92B1F00A2B600AEAC96 /* PBXContainerItemProxy */;
		};
/* End PBXTargetDependency section */

/* Begin PBXVariantGroup section */
		8431A9121F00A2B600AEAC96 /* Main.storyboard */ = {
			isa = PBXVariantGroup;
			children = (
				8431A9131F00A2B600AEAC96 /* Base */,
			);
			name = Main.storyboard;
			sourceTree = "<group>";
		};
		8431A9171F00A2B600AEAC96 /* LaunchScreen.storyboard */ = {
			isa = PBXVariantGroup;
			children = (
				8431A9181F00A2B600AEAC96 /* Base */,
			);
			name = LaunchScreen.storyboard;
			sourceTree = "<group>";
		};
/* End PBXVariantGroup section */

/* Begin XCBuildConfiguration section */
		8431A9311F00A2B600AEAC96 /* Debug */ = {
			isa = XCBuildConfiguration;
			buildSettings = {
				ALWAYS_SEARCH_USER_PATHS = NO;
				CLANG_ANALYZER_NONNULL = YES;
				CLANG_ANALYZER_NUMBER_OBJECT_CONVERSION = YES_AGGRESSIVE;
				CLANG_CXX_LANGUAGE_STANDARD = "gnu++0x";
				CLANG_CXX_LIBRARY = "libc++";
				CLANG_ENABLE_MODULES = YES;
				CLANG_ENABLE_OBJC_ARC = YES;
				CLANG_WARN_BOOL_CONVERSION = YES;
				CLANG_WARN_CONSTANT_CONVERSION = YES;
				CLANG_WARN_DIRECT_OBJC_ISA_USAGE = YES_ERROR;
				CLANG_WARN_DOCUMENTATION_COMMENTS = YES;
				CLANG_WARN_EMPTY_BODY = YES;
				CLANG_WARN_ENUM_CONVERSION = YES;
				CLANG_WARN_INFINITE_RECURSION = YES;
				CLANG_WARN_INT_CONVERSION = YES;
				CLANG_WARN_OBJC_ROOT_CLASS = YES_ERROR;
				CLANG_WARN_SUSPICIOUS_MOVE = YES;
				CLANG_WARN_UNREACHABLE_CODE = YES;
				CLANG_WARN__DUPLICATE_METHOD_MATCH = YES;
				"CODE_SIGN_IDENTITY[sdk=iphoneos*]" = "iPhone Developer";
				COPY_PHASE_STRIP = NO;
				DEBUG_INFORMATION_FORMAT = dwarf;
				ENABLE_STRICT_OBJC_MSGSEND = YES;
				ENABLE_TESTABILITY = YES;
				GCC_C_LANGUAGE_STANDARD = gnu99;
				GCC_DYNAMIC_NO_PIC = NO;
				GCC_NO_COMMON_BLOCKS = YES;
				GCC_OPTIMIZATION_LEVEL = 0;
				GCC_PREPROCESSOR_DEFINITIONS = (
					"DEBUG=1",
					"$(inherited)",
				);
				GCC_WARN_64_TO_32_BIT_CONVERSION = YES;
				GCC_WARN_ABOUT_RETURN_TYPE = YES_ERROR;
				GCC_WARN_UNDECLARED_SELECTOR = YES;
				GCC_WARN_UNINITIALIZED_AUTOS = YES_AGGRESSIVE;
				GCC_WARN_UNUSED_FUNCTION = YES;
				GCC_WARN_UNUSED_VARIABLE = YES;
				IPHONEOS_DEPLOYMENT_TARGET = 10.3;
				MTL_ENABLE_DEBUG_INFO = YES;
				ONLY_ACTIVE_ARCH = YES;
				SDKROOT = iphoneos;
			};
			name = Debug;
		};
		8431A9321F00A2B600AEAC96 /* Release */ = {
			isa = XCBuildConfiguration;
			buildSettings = {
				ALWAYS_SEARCH_USER_PATHS = NO;
				CLANG_ANALYZER_NONNULL = YES;
				CLANG_ANALYZER_NUMBER_OBJECT_CONVERSION = YES_AGGRESSIVE;
				CLANG_CXX_LANGUAGE_STANDARD = "gnu++0x";
				CLANG_CXX_LIBRARY = "libc++";
				CLANG_ENABLE_MODULES = YES;
				CLANG_ENABLE_OBJC_ARC = YES;
				CLANG_WARN_BOOL_CONVERSION = YES;
				CLANG_WARN_CONSTANT_CONVERSION = YES;
				CLANG_WARN_DIRECT_OBJC_ISA_USAGE = YES_ERROR;
				CLANG_WARN_DOCUMENTATION_COMMENTS = YES;
				CLANG_WARN_EMPTY_BODY = YES;
				CLANG_WARN_ENUM_CONVERSION = YES;
				CLANG_WARN_INFINITE_RECURSION = YES;
				CLANG_WARN_INT_CONVERSION = YES;
				CLANG_WARN_OBJC_ROOT_CLASS = YES_ERROR;
				CLANG_WARN_SUSPICIOUS_MOVE = YES;
				CLANG_WARN_UNREACHABLE_CODE = YES;
				CLANG_WARN__DUPLICATE_METHOD_MATCH = YES;
				"CODE_SIGN_IDENTITY[sdk=iphoneos*]" = "iPhone Developer";
				COPY_PHASE_STRIP = NO;
				DEBUG_INFORMATION_FORMAT = "dwarf-with-dsym";
				ENABLE_NS_ASSERTIONS = NO;
				ENABLE_STRICT_OBJC_MSGSEND = YES;
				GCC_C_LANGUAGE_STANDARD = gnu99;
				GCC_NO_COMMON_BLOCKS = YES;
				GCC_WARN_64_TO_32_BIT_CONVERSION = YES;
				GCC_WARN_ABOUT_RETURN_TYPE = YES_ERROR;
				GCC_WARN_UNDECLARED_SELECTOR = YES;
				GCC_WARN_UNINITIALIZED_AUTOS = YES_AGGRESSIVE;
				GCC_WARN_UNUSED_FUNCTION = YES;
				GCC_WARN_UNUSED_VARIABLE = YES;
				IPHONEOS_DEPLOYMENT_TARGET = 10.3;
				MTL_ENABLE_DEBUG_INFO = NO;
				SDKROOT = iphoneos;
				VALIDATE_PRODUCT = YES;
			};
			name = Release;
		};
		8431A9341F00A2B600AEAC96 /* Debug */ = {
			isa = XCBuildConfiguration;
			buildSettings = {
				ASSETCATALOG_COMPILER_APPICON_NAME = AppIcon;
				DEVELOPMENT_TEAM = N8Y3LCHZY9;
				INFOPLIST_FILE = Replayer/Info.plist;
				LD_RUNPATH_SEARCH_PATHS = "$(inherited) @executable_path/Frameworks";
				PRODUCT_BUNDLE_IDENTIFIER = chipmuck.Replayer;
				PRODUCT_NAME = "$(TARGET_NAME)";
			};
			name = Debug;
		};
		8431A9351F00A2B600AEAC96 /* Release */ = {
			isa = XCBuildConfiguration;
			buildSettings = {
				ASSETCATALOG_COMPILER_APPICON_NAME = AppIcon;
				DEVELOPMENT_TEAM = N8Y3LCHZY9;
				INFOPLIST_FILE = Replayer/Info.plist;
				LD_RUNPATH_SEARCH_PATHS = "$(inherited) @executable_path/Frameworks";
				PRODUCT_BUNDLE_IDENTIFIER = chipmuck.Replayer;
				PRODUCT_NAME = "$(TARGET_NAME)";
			};
			name = Release;
		};
		8431A9371F00A2B600AEAC96 /* Debug */ = {
			isa = XCBuildConfiguration;
			buildSettings = {
				BUNDLE_LOADER = "$(TEST_HOST)";
				DEVELOPMENT_TEAM = N8Y3LCHZY9;
				INFOPLIST_FILE = ReplayerTests/Info.plist;
				LD_RUNPATH_SEARCH_PATHS = "$(inherited) @executable_path/Frameworks @loader_path/Frameworks";
				PRODUCT_BUNDLE_IDENTIFIER = chipmuck.ReplayerTests;
				PRODUCT_NAME = "$(TARGET_NAME)";
				TEST_HOST = "$(BUILT_PRODUCTS_DIR)/Replayer.app/Replayer";
			};
			name = Debug;
		};
		8431A9381F00A2B600AEAC96 /* Release */ = {
			isa = XCBuildConfiguration;
			buildSettings = {
				BUNDLE_LOADER = "$(TEST_HOST)";
				DEVELOPMENT_TEAM = N8Y3LCHZY9;
				INFOPLIST_FILE = ReplayerTests/Info.plist;
				LD_RUNPATH_SEARCH_PATHS = "$(inherited) @executable_path/Frameworks @loader_path/Frameworks";
				PRODUCT_BUNDLE_IDENTIFIER = chipmuck.ReplayerTests;
				PRODUCT_NAME = "$(TARGET_NAME)";
				TEST_HOST = "$(BUILT_PRODUCTS_DIR)/Replayer.app/Replayer";
			};
			name = Release;
		};
		8431A93A1F00A2B600AEAC96 /* Debug */ = {
			isa = XCBuildConfiguration;
			buildSettings = {
				DEVELOPMENT_TEAM = N8Y3LCHZY9;
				INFOPLIST_FILE = ReplayerUITests/Info.plist;
				LD_RUNPATH_SEARCH_PATHS = "$(inherited) @executable_path/Frameworks @loader_path/Frameworks";
				PRODUCT_BUNDLE_IDENTIFIER = chipmuck.ReplayerUITests;
				PRODUCT_NAME = "$(TARGET_NAME)";
				TEST_TARGET_NAME = Replayer;
			};
			name = Debug;
		};
		8431A93B1F00A2B600AEAC96 /* Release */ = {
			isa = XCBuildConfiguration;
			buildSettings = {
				DEVELOPMENT_TEAM = N8Y3LCHZY9;
				INFOPLIST_FILE = ReplayerUITests/Info.plist;
				LD_RUNPATH_SEARCH_PATHS = "$(inherited) @executable_path/Frameworks @loader_path/Frameworks";
				PRODUCT_BUNDLE_IDENTIFIER = chipmuck.ReplayerUITests;
				PRODUCT_NAME = "$(TARGET_NAME)";
				TEST_TARGET_NAME = Replayer;
			};
			name = Release;
		};
/* End XCBuildConfiguration section */

/* Begin XCConfigurationList section */
		8431A9011F00A2B500AEAC96 /* Build configuration list for PBXProject "Replayer" */ = {
			isa = XCConfigurationList;
			buildConfigurations = (
				8431A9311F00A2B600AEAC96 /* Debug */,
				8431A9321F00A2B600AEAC96 /* Release */,
			);
			defaultConfigurationIsVisible = 0;
			defaultConfigurationName = Release;
		};
		8431A9331F00A2B600AEAC96 /* Build configuration list for PBXNativeTarget "Replayer" */ = {
			isa = XCConfigurationList;
			buildConfigurations = (
				8431A9341F00A2B600AEAC96 /* Debug */,
				8431A9351F00A2B600AEAC96 /* Release */,
			);
			defaultConfigurationIsVisible = 0;
		};
		8431A9361F00A2B600AEAC96 /* Build configuration list for PBXNativeTarget "ReplayerTests" */ = {
			isa = XCConfigurationList;
			buildConfigurations = (
				8431A9371F00A2B600AEAC96 /* Debug */,
				8431A9381F00A2B600AEAC96 /* Release */,
			);
			defaultConfigurationIsVisible = 0;
		};
		8431A9391F00A2B600AEAC96 /* Build configuration list for PBXNativeTarget "ReplayerUITests" */ = {
			isa = XCConfigurationList;
			buildConfigurations = (
				8431A93A1F00A2B600AEAC96 /* Debug */,
				8431A93B1F00A2B600AEAC96 /* Release */,
			);
			defaultConfigurationIsVisible = 0;
		};
/* End XCConfigurationList section */
	};
	rootObject = 8431A8FE1F00A2B500AEAC96 /* Project object */;
}
