// !$*UTF8*$!
{
	archiveVersion = 1;
	classes = {
	};
	objectVersion = 46;
	objects = {

/* Begin PBXBuildFile section */
		3473CFE654F64D8F6EAC7596 /* libPods-ReplayerDemo.a in Frameworks */ = {isa = PBXBuildFile; fileRef = 86441F812705D56D52746CCC /* libPods-ReplayerDemo.a */; };
		8431A94A1F00A89A00AEAC96 /* main.m in Sources */ = {isa = PBXBuildFile; fileRef = 8431A9491F00A89A00AEAC96 /* main.m */; };
		8431A94D1F00A89A00AEAC96 /* AppDelegate.m in Sources */ = {isa = PBXBuildFile; fileRef = 8431A94C1F00A89A00AEAC96 /* AppDelegate.m */; };
		8431A9551F00A89A00AEAC96 /* Assets.xcassets in Resources */ = {isa = PBXBuildFile; fileRef = 8431A9541F00A89A00AEAC96 /* Assets.xcassets */; };
		8431A9581F00A89A00AEAC96 /* LaunchScreen.storyboard in Resources */ = {isa = PBXBuildFile; fileRef = 8431A9561F00A89A00AEAC96 /* LaunchScreen.storyboard */; };
		8431A9631F00A89A00AEAC96 /* ReplayerDemoTests.m in Sources */ = {isa = PBXBuildFile; fileRef = 8431A9621F00A89A00AEAC96 /* ReplayerDemoTests.m */; };
		8431A96E1F00A89A00AEAC96 /* ReplayerDemoUITests.m in Sources */ = {isa = PBXBuildFile; fileRef = 8431A96D1F00A89A00AEAC96 /* ReplayerDemoUITests.m */; };
		8431A99C1F00E8A800AEAC96 /* VideoListViewController.m in Sources */ = {isa = PBXBuildFile; fileRef = 8431A99A1F00E8A800AEAC96 /* VideoListViewController.m */; };
		8431A99D1F00E8A800AEAC96 /* VideoListViewController.xib in Resources */ = {isa = PBXBuildFile; fileRef = 8431A99B1F00E8A800AEAC96 /* VideoListViewController.xib */; };
		8431A9A11F01008E00AEAC96 /* ReplayerViewController.m in Sources */ = {isa = PBXBuildFile; fileRef = 8431A99F1F01008E00AEAC96 /* ReplayerViewController.m */; };
		8431A9A21F01008E00AEAC96 /* ReplayerViewController.xib in Resources */ = {isa = PBXBuildFile; fileRef = 8431A9A01F01008E00AEAC96 /* ReplayerViewController.xib */; };
		849AC6651F0A382100F9EC79 /* Reachability.m in Sources */ = {isa = PBXBuildFile; fileRef = 849AC64D1F0A382100F9EC79 /* Reachability.m */; };
		849AC6661F0A382100F9EC79 /* Replayer.m in Sources */ = {isa = PBXBuildFile; fileRef = 849AC64F1F0A382100F9EC79 /* Replayer.m */; };
		849AC6671F0A382100F9EC79 /* ReplayerBrightness.m in Sources */ = {isa = PBXBuildFile; fileRef = 849AC6511F0A382100F9EC79 /* ReplayerBrightness.m */; };
		849AC6681F0A382100F9EC79 /* ReplayerLoading.m in Sources */ = {isa = PBXBuildFile; fileRef = 849AC6541F0A382100F9EC79 /* ReplayerLoading.m */; };
		849AC6691F0A382100F9EC79 /* ReplayerPanel.m in Sources */ = {isa = PBXBuildFile; fileRef = 849AC6561F0A382100F9EC79 /* ReplayerPanel.m */; };
		849AC66A1F0A382100F9EC79 /* ReplayerPlaybackCache.m in Sources */ = {isa = PBXBuildFile; fileRef = 849AC6591F0A382100F9EC79 /* ReplayerPlaybackCache.m */; };
		849AC66B1F0A382100F9EC79 /* ReplayerResource.bundle in Resources */ = {isa = PBXBuildFile; fileRef = 849AC65A1F0A382100F9EC79 /* ReplayerResource.bundle */; };
		849AC66C1F0A382100F9EC79 /* ReplayerStatusBarManager.m in Sources */ = {isa = PBXBuildFile; fileRef = 849AC65C1F0A382100F9EC79 /* ReplayerStatusBarManager.m */; };
		849AC66D1F0A382100F9EC79 /* ReplayerTask.m in Sources */ = {isa = PBXBuildFile; fileRef = 849AC65E1F0A382100F9EC79 /* ReplayerTask.m */; };
		849AC66E1F0A382100F9EC79 /* ReplayerTrackSlider.m in Sources */ = {isa = PBXBuildFile; fileRef = 849AC6601F0A382100F9EC79 /* ReplayerTrackSlider.m */; };
		849AC66F1F0A382100F9EC79 /* UIView+ReplayerPanelProtocol.m in Sources */ = {isa = PBXBuildFile; fileRef = 849AC6621F0A382100F9EC79 /* UIView+ReplayerPanelProtocol.m */; };
		849AC6701F0A382100F9EC79 /* UIWindow+GetCurrentViewController.m in Sources */ = {isa = PBXBuildFile; fileRef = 849AC6641F0A382100F9EC79 /* UIWindow+GetCurrentViewController.m */; };
/* End PBXBuildFile section */

/* Begin PBXContainerItemProxy section */
		8431A95F1F00A89A00AEAC96 /* PBXContainerItemProxy */ = {
			isa = PBXContainerItemProxy;
			containerPortal = 8431A93D1F00A89A00AEAC96 /* Project object */;
			proxyType = 1;
			remoteGlobalIDString = 8431A9441F00A89A00AEAC96;
			remoteInfo = ReplayerDemo;
		};
		8431A96A1F00A89A00AEAC96 /* PBXContainerItemProxy */ = {
			isa = PBXContainerItemProxy;
			containerPortal = 8431A93D1F00A89A00AEAC96 /* Project object */;
			proxyType = 1;
			remoteGlobalIDString = 8431A9441F00A89A00AEAC96;
			remoteInfo = ReplayerDemo;
		};
/* End PBXContainerItemProxy section */

/* Begin PBXFileReference section */
		55F30A17AE6568BC4336C1DF /* Pods-ReplayerDemo.debug.xcconfig */ = {isa = PBXFileReference; includeInIndex = 1; lastKnownFileType = text.xcconfig; name = "Pods-ReplayerDemo.debug.xcconfig"; path = "Pods/Target Support Files/Pods-ReplayerDemo/Pods-ReplayerDemo.debug.xcconfig"; sourceTree = "<group>"; };
		65AECF0F5033413A160156C0 /* Pods-ReplayerDemo.release.xcconfig */ = {isa = PBXFileReference; includeInIndex = 1; lastKnownFileType = text.xcconfig; name = "Pods-ReplayerDemo.release.xcconfig"; path = "Pods/Target Support Files/Pods-ReplayerDemo/Pods-ReplayerDemo.release.xcconfig"; sourceTree = "<group>"; };
		8431A9451F00A89A00AEAC96 /* ReplayerDemo.app */ = {isa = PBXFileReference; explicitFileType = wrapper.application; includeInIndex = 0; path = ReplayerDemo.app; sourceTree = BUILT_PRODUCTS_DIR; };
		8431A9491F00A89A00AEAC96 /* main.m */ = {isa = PBXFileReference; lastKnownFileType = sourcecode.c.objc; path = main.m; sourceTree = "<group>"; };
		8431A94B1F00A89A00AEAC96 /* AppDelegate.h */ = {isa = PBXFileReference; lastKnownFileType = sourcecode.c.h; path = AppDelegate.h; sourceTree = "<group>"; };
		8431A94C1F00A89A00AEAC96 /* AppDelegate.m */ = {isa = PBXFileReference; lastKnownFileType = sourcecode.c.objc; path = AppDelegate.m; sourceTree = "<group>"; };
		8431A9541F00A89A00AEAC96 /* Assets.xcassets */ = {isa = PBXFileReference; lastKnownFileType = folder.assetcatalog; path = Assets.xcassets; sourceTree = "<group>"; };
		8431A9571F00A89A00AEAC96 /* Base */ = {isa = PBXFileReference; lastKnownFileType = file.storyboard; name = Base; path = Base.lproj/LaunchScreen.storyboard; sourceTree = "<group>"; };
		8431A9591F00A89A00AEAC96 /* Info.plist */ = {isa = PBXFileReference; lastKnownFileType = text.plist.xml; path = Info.plist; sourceTree = "<group>"; };
		8431A95E1F00A89A00AEAC96 /* ReplayerDemoTests.xctest */ = {isa = PBXFileReference; explicitFileType = wrapper.cfbundle; includeInIndex = 0; path = ReplayerDemoTests.xctest; sourceTree = BUILT_PRODUCTS_DIR; };
		8431A9621F00A89A00AEAC96 /* ReplayerDemoTests.m */ = {isa = PBXFileReference; lastKnownFileType = sourcecode.c.objc; path = ReplayerDemoTests.m; sourceTree = "<group>"; };
		8431A9641F00A89A00AEAC96 /* Info.plist */ = {isa = PBXFileReference; lastKnownFileType = text.plist.xml; path = Info.plist; sourceTree = "<group>"; };
		8431A9691F00A89A00AEAC96 /* ReplayerDemoUITests.xctest */ = {isa = PBXFileReference; explicitFileType = wrapper.cfbundle; includeInIndex = 0; path = ReplayerDemoUITests.xctest; sourceTree = BUILT_PRODUCTS_DIR; };
		8431A96D1F00A89A00AEAC96 /* ReplayerDemoUITests.m */ = {isa = PBXFileReference; lastKnownFileType = sourcecode.c.objc; path = ReplayerDemoUITests.m; sourceTree = "<group>"; };
		8431A96F1F00A89A00AEAC96 /* Info.plist */ = {isa = PBXFileReference; lastKnownFileType = text.plist.xml; path = Info.plist; sourceTree = "<group>"; };
		8431A9991F00E8A800AEAC96 /* VideoListViewController.h */ = {isa = PBXFileReference; fileEncoding = 4; lastKnownFileType = sourcecode.c.h; path = VideoListViewController.h; sourceTree = "<group>"; };
		8431A99A1F00E8A800AEAC96 /* VideoListViewController.m */ = {isa = PBXFileReference; fileEncoding = 4; lastKnownFileType = sourcecode.c.objc; path = VideoListViewController.m; sourceTree = "<group>"; };
		8431A99B1F00E8A800AEAC96 /* VideoListViewController.xib */ = {isa = PBXFileReference; fileEncoding = 4; lastKnownFileType = file.xib; path = VideoListViewController.xib; sourceTree = "<group>"; };
		8431A99E1F01008E00AEAC96 /* ReplayerViewController.h */ = {isa = PBXFileReference; fileEncoding = 4; lastKnownFileType = sourcecode.c.h; path = ReplayerViewController.h; sourceTree = "<group>"; };
		8431A99F1F01008E00AEAC96 /* ReplayerViewController.m */ = {isa = PBXFileReference; fileEncoding = 4; lastKnownFileType = sourcecode.c.objc; path = ReplayerViewController.m; sourceTree = "<group>"; };
		8431A9A01F01008E00AEAC96 /* ReplayerViewController.xib */ = {isa = PBXFileReference; fileEncoding = 4; lastKnownFileType = file.xib; path = ReplayerViewController.xib; sourceTree = "<group>"; };
		849AC64C1F0A382100F9EC79 /* Reachability.h */ = {isa = PBXFileReference; fileEncoding = 4; lastKnownFileType = sourcecode.c.h; path = Reachability.h; sourceTree = "<group>"; };
		849AC64D1F0A382100F9EC79 /* Reachability.m */ = {isa = PBXFileReference; fileEncoding = 4; lastKnownFileType = sourcecode.c.objc; path = Reachability.m; sourceTree = "<group>"; };
		849AC64E1F0A382100F9EC79 /* Replayer.h */ = {isa = PBXFileReference; fileEncoding = 4; lastKnownFileType = sourcecode.c.h; path = Replayer.h; sourceTree = "<group>"; };
		849AC64F1F0A382100F9EC79 /* Replayer.m */ = {isa = PBXFileReference; fileEncoding = 4; lastKnownFileType = sourcecode.c.objc; path = Replayer.m; sourceTree = "<group>"; };
		849AC6501F0A382100F9EC79 /* ReplayerBrightness.h */ = {isa = PBXFileReference; fileEncoding = 4; lastKnownFileType = sourcecode.c.h; path = ReplayerBrightness.h; sourceTree = "<group>"; };
		849AC6511F0A382100F9EC79 /* ReplayerBrightness.m */ = {isa = PBXFileReference; fileEncoding = 4; lastKnownFileType = sourcecode.c.objc; path = ReplayerBrightness.m; sourceTree = "<group>"; };
		849AC6521F0A382100F9EC79 /* ReplayerComposer.h */ = {isa = PBXFileReference; fileEncoding = 4; lastKnownFileType = sourcecode.c.h; path = ReplayerComposer.h; sourceTree = "<group>"; };
		849AC6531F0A382100F9EC79 /* ReplayerLoading.h */ = {isa = PBXFileReference; fileEncoding = 4; lastKnownFileType = sourcecode.c.h; path = ReplayerLoading.h; sourceTree = "<group>"; };
		849AC6541F0A382100F9EC79 /* ReplayerLoading.m */ = {isa = PBXFileReference; fileEncoding = 4; lastKnownFileType = sourcecode.c.objc; path = ReplayerLoading.m; sourceTree = "<group>"; };
		849AC6551F0A382100F9EC79 /* ReplayerPanel.h */ = {isa = PBXFileReference; fileEncoding = 4; lastKnownFileType = sourcecode.c.h; path = ReplayerPanel.h; sourceTree = "<group>"; };
		849AC6561F0A382100F9EC79 /* ReplayerPanel.m */ = {isa = PBXFileReference; fileEncoding = 4; lastKnownFileType = sourcecode.c.objc; path = ReplayerPanel.m; sourceTree = "<group>"; };
		849AC6571F0A382100F9EC79 /* ReplayerPanelProtocol.h */ = {isa = PBXFileReference; fileEncoding = 4; lastKnownFileType = sourcecode.c.h; path = ReplayerPanelProtocol.h; sourceTree = "<group>"; };
		849AC6581F0A382100F9EC79 /* ReplayerPlaybackCache.h */ = {isa = PBXFileReference; fileEncoding = 4; lastKnownFileType = sourcecode.c.h; path = ReplayerPlaybackCache.h; sourceTree = "<group>"; };
		849AC6591F0A382100F9EC79 /* ReplayerPlaybackCache.m */ = {isa = PBXFileReference; fileEncoding = 4; lastKnownFileType = sourcecode.c.objc; path = ReplayerPlaybackCache.m; sourceTree = "<group>"; };
		849AC65A1F0A382100F9EC79 /* ReplayerResource.bundle */ = {isa = PBXFileReference; lastKnownFileType = "wrapper.plug-in"; path = ReplayerResource.bundle; sourceTree = "<group>"; };
		849AC65B1F0A382100F9EC79 /* ReplayerStatusBarManager.h */ = {isa = PBXFileReference; fileEncoding = 4; lastKnownFileType = sourcecode.c.h; path = ReplayerStatusBarManager.h; sourceTree = "<group>"; };
		849AC65C1F0A382100F9EC79 /* ReplayerStatusBarManager.m */ = {isa = PBXFileReference; fileEncoding = 4; lastKnownFileType = sourcecode.c.objc; path = ReplayerStatusBarManager.m; sourceTree = "<group>"; };
		849AC65D1F0A382100F9EC79 /* ReplayerTask.h */ = {isa = PBXFileReference; fileEncoding = 4; lastKnownFileType = sourcecode.c.h; path = ReplayerTask.h; sourceTree = "<group>"; };
		849AC65E1F0A382100F9EC79 /* ReplayerTask.m */ = {isa = PBXFileReference; fileEncoding = 4; lastKnownFileType = sourcecode.c.objc; path = ReplayerTask.m; sourceTree = "<group>"; };
		849AC65F1F0A382100F9EC79 /* ReplayerTrackSlider.h */ = {isa = PBXFileReference; fileEncoding = 4; lastKnownFileType = sourcecode.c.h; path = ReplayerTrackSlider.h; sourceTree = "<group>"; };
		849AC6601F0A382100F9EC79 /* ReplayerTrackSlider.m */ = {isa = PBXFileReference; fileEncoding = 4; lastKnownFileType = sourcecode.c.objc; path = ReplayerTrackSlider.m; sourceTree = "<group>"; };
		849AC6611F0A382100F9EC79 /* UIView+ReplayerPanelProtocol.h */ = {isa = PBXFileReference; fileEncoding = 4; lastKnownFileType = sourcecode.c.h; path = "UIView+ReplayerPanelProtocol.h"; sourceTree = "<group>"; };
		849AC6621F0A382100F9EC79 /* UIView+ReplayerPanelProtocol.m */ = {isa = PBXFileReference; fileEncoding = 4; lastKnownFileType = sourcecode.c.objc; path = "UIView+ReplayerPanelProtocol.m"; sourceTree = "<group>"; };
		849AC6631F0A382100F9EC79 /* UIWindow+GetCurrentViewController.h */ = {isa = PBXFileReference; fileEncoding = 4; lastKnownFileType = sourcecode.c.h; path = "UIWindow+GetCurrentViewController.h"; sourceTree = "<group>"; };
		849AC6641F0A382100F9EC79 /* UIWindow+GetCurrentViewController.m */ = {isa = PBXFileReference; fileEncoding = 4; lastKnownFileType = sourcecode.c.objc; path = "UIWindow+GetCurrentViewController.m"; sourceTree = "<group>"; };
		86441F812705D56D52746CCC /* libPods-ReplayerDemo.a */ = {isa = PBXFileReference; explicitFileType = archive.ar; includeInIndex = 0; path = "libPods-ReplayerDemo.a"; sourceTree = BUILT_PRODUCTS_DIR; };
/* End PBXFileReference section */

/* Begin PBXFrameworksBuildPhase section */
		8431A9421F00A89A00AEAC96 /* Frameworks */ = {
			isa = PBXFrameworksBuildPhase;
			buildActionMask = 2147483647;
			files = (
				3473CFE654F64D8F6EAC7596 /* libPods-ReplayerDemo.a in Frameworks */,
			);
			runOnlyForDeploymentPostprocessing = 0;
		};
		8431A95B1F00A89A00AEAC96 /* Frameworks */ = {
			isa = PBXFrameworksBuildPhase;
			buildActionMask = 2147483647;
			files = (
			);
			runOnlyForDeploymentPostprocessing = 0;
		};
		8431A9661F00A89A00AEAC96 /* Frameworks */ = {
			isa = PBXFrameworksBuildPhase;
			buildActionMask = 2147483647;
			files = (
			);
			runOnlyForDeploymentPostprocessing = 0;
		};
/* End PBXFrameworksBuildPhase section */

/* Begin PBXGroup section */
		0C26BBE0179158A405A32843 /* Pods */ = {
			isa = PBXGroup;
			children = (
				55F30A17AE6568BC4336C1DF /* Pods-ReplayerDemo.debug.xcconfig */,
				65AECF0F5033413A160156C0 /* Pods-ReplayerDemo.release.xcconfig */,
			);
			name = Pods;
			sourceTree = "<group>";
		};
		8431A93C1F00A89A00AEAC96 = {
			isa = PBXGroup;
			children = (
				8431A9471F00A89A00AEAC96 /* ReplayerDemo */,
				8431A9611F00A89A00AEAC96 /* ReplayerDemoTests */,
				8431A96C1F00A89A00AEAC96 /* ReplayerDemoUITests */,
				8431A9461F00A89A00AEAC96 /* Products */,
				0C26BBE0179158A405A32843 /* Pods */,
				C1E1D736CED4B28DEEE162A9 /* Frameworks */,
			);
			sourceTree = "<group>";
		};
		8431A9461F00A89A00AEAC96 /* Products */ = {
			isa = PBXGroup;
			children = (
				8431A9451F00A89A00AEAC96 /* ReplayerDemo.app */,
				8431A95E1F00A89A00AEAC96 /* ReplayerDemoTests.xctest */,
				8431A9691F00A89A00AEAC96 /* ReplayerDemoUITests.xctest */,
			);
			name = Products;
			sourceTree = "<group>";
		};
		8431A9471F00A89A00AEAC96 /* ReplayerDemo */ = {
			isa = PBXGroup;
			children = (
				849AC64B1F0A382100F9EC79 /* Replayer */,
				8431A94B1F00A89A00AEAC96 /* AppDelegate.h */,
				8431A94C1F00A89A00AEAC96 /* AppDelegate.m */,
				8431A9991F00E8A800AEAC96 /* VideoListViewController.h */,
				8431A99A1F00E8A800AEAC96 /* VideoListViewController.m */,
				8431A99B1F00E8A800AEAC96 /* VideoListViewController.xib */,
				8431A99E1F01008E00AEAC96 /* ReplayerViewController.h */,
				8431A99F1F01008E00AEAC96 /* ReplayerViewController.m */,
				8431A9A01F01008E00AEAC96 /* ReplayerViewController.xib */,
				8431A9481F00A89A00AEAC96 /* Supporting Files */,
			);
			path = ReplayerDemo;
			sourceTree = "<group>";
		};
		8431A9481F00A89A00AEAC96 /* Supporting Files */ = {
			isa = PBXGroup;
			children = (
				8431A9541F00A89A00AEAC96 /* Assets.xcassets */,
				8431A9561F00A89A00AEAC96 /* LaunchScreen.storyboard */,
				8431A9591F00A89A00AEAC96 /* Info.plist */,
				8431A9491F00A89A00AEAC96 /* main.m */,
			);
			name = "Supporting Files";
			sourceTree = "<group>";
		};
		8431A9611F00A89A00AEAC96 /* ReplayerDemoTests */ = {
			isa = PBXGroup;
			children = (
				8431A9621F00A89A00AEAC96 /* ReplayerDemoTests.m */,
				8431A9641F00A89A00AEAC96 /* Info.plist */,
			);
			path = ReplayerDemoTests;
			sourceTree = "<group>";
		};
		8431A96C1F00A89A00AEAC96 /* ReplayerDemoUITests */ = {
			isa = PBXGroup;
			children = (
				8431A96D1F00A89A00AEAC96 /* ReplayerDemoUITests.m */,
				8431A96F1F00A89A00AEAC96 /* Info.plist */,
			);
			path = ReplayerDemoUITests;
			sourceTree = "<group>";
		};
		849AC64B1F0A382100F9EC79 /* Replayer */ = {
			isa = PBXGroup;
			children = (
				849AC64C1F0A382100F9EC79 /* Reachability.h */,
				849AC64D1F0A382100F9EC79 /* Reachability.m */,
				849AC64E1F0A382100F9EC79 /* Replayer.h */,
				849AC64F1F0A382100F9EC79 /* Replayer.m */,
				849AC6501F0A382100F9EC79 /* ReplayerBrightness.h */,
				849AC6511F0A382100F9EC79 /* ReplayerBrightness.m */,
				849AC6521F0A382100F9EC79 /* ReplayerComposer.h */,
				849AC6531F0A382100F9EC79 /* ReplayerLoading.h */,
				849AC6541F0A382100F9EC79 /* ReplayerLoading.m */,
				849AC6551F0A382100F9EC79 /* ReplayerPanel.h */,
				849AC6561F0A382100F9EC79 /* ReplayerPanel.m */,
				849AC6571F0A382100F9EC79 /* ReplayerPanelProtocol.h */,
				849AC6581F0A382100F9EC79 /* ReplayerPlaybackCache.h */,
				849AC6591F0A382100F9EC79 /* ReplayerPlaybackCache.m */,
				849AC65A1F0A382100F9EC79 /* ReplayerResource.bundle */,
				849AC65B1F0A382100F9EC79 /* ReplayerStatusBarManager.h */,
				849AC65C1F0A382100F9EC79 /* ReplayerStatusBarManager.m */,
				849AC65D1F0A382100F9EC79 /* ReplayerTask.h */,
				849AC65E1F0A382100F9EC79 /* ReplayerTask.m */,
				849AC65F1F0A382100F9EC79 /* ReplayerTrackSlider.h */,
				849AC6601F0A382100F9EC79 /* ReplayerTrackSlider.m */,
				849AC6611F0A382100F9EC79 /* UIView+ReplayerPanelProtocol.h */,
				849AC6621F0A382100F9EC79 /* UIView+ReplayerPanelProtocol.m */,
				849AC6631F0A382100F9EC79 /* UIWindow+GetCurrentViewController.h */,
				849AC6641F0A382100F9EC79 /* UIWindow+GetCurrentViewController.m */,
			);
			path = Replayer;
			sourceTree = SOURCE_ROOT;
		};
		C1E1D736CED4B28DEEE162A9 /* Frameworks */ = {
			isa = PBXGroup;
			children = (
				86441F812705D56D52746CCC /* libPods-ReplayerDemo.a */,
			);
			name = Frameworks;
			sourceTree = "<group>";
		};
/* End PBXGroup section */

/* Begin PBXNativeTarget section */
		8431A9441F00A89A00AEAC96 /* ReplayerDemo */ = {
			isa = PBXNativeTarget;
			buildConfigurationList = 8431A9721F00A89A00AEAC96 /* Build configuration list for PBXNativeTarget "ReplayerDemo" */;
			buildPhases = (
				F0B7582405E7ABCDC02F4A74 /* [CP] Check Pods Manifest.lock */,
				8431A9411F00A89A00AEAC96 /* Sources */,
				8431A9421F00A89A00AEAC96 /* Frameworks */,
				8431A9431F00A89A00AEAC96 /* Resources */,
				812784E68621AC66DE40CAE7 /* [CP] Embed Pods Frameworks */,
				6005BB9B494B53E1BAAA728A /* [CP] Copy Pods Resources */,
			);
			buildRules = (
			);
			dependencies = (
			);
			name = ReplayerDemo;
			productName = ReplayerDemo;
			productReference = 8431A9451F00A89A00AEAC96 /* ReplayerDemo.app */;
			productType = "com.apple.product-type.application";
		};
		8431A95D1F00A89A00AEAC96 /* ReplayerDemoTests */ = {
			isa = PBXNativeTarget;
			buildConfigurationList = 8431A9751F00A89A00AEAC96 /* Build configuration list for PBXNativeTarget "ReplayerDemoTests" */;
			buildPhases = (
				8431A95A1F00A89A00AEAC96 /* Sources */,
				8431A95B1F00A89A00AEAC96 /* Frameworks */,
				8431A95C1F00A89A00AEAC96 /* Resources */,
			);
			buildRules = (
			);
			dependencies = (
				8431A9601F00A89A00AEAC96 /* PBXTargetDependency */,
			);
			name = ReplayerDemoTests;
			productName = ReplayerDemoTests;
			productReference = 8431A95E1F00A89A00AEAC96 /* ReplayerDemoTests.xctest */;
			productType = "com.apple.product-type.bundle.unit-test";
		};
		8431A9681F00A89A00AEAC96 /* ReplayerDemoUITests */ = {
			isa = PBXNativeTarget;
			buildConfigurationList = 8431A9781F00A89A00AEAC96 /* Build configuration list for PBXNativeTarget "ReplayerDemoUITests" */;
			buildPhases = (
				8431A9651F00A89A00AEAC96 /* Sources */,
				8431A9661F00A89A00AEAC96 /* Frameworks */,
				8431A9671F00A89A00AEAC96 /* Resources */,
			);
			buildRules = (
			);
			dependencies = (
				8431A96B1F00A89A00AEAC96 /* PBXTargetDependency */,
			);
			name = ReplayerDemoUITests;
			productName = ReplayerDemoUITests;
			productReference = 8431A9691F00A89A00AEAC96 /* ReplayerDemoUITests.xctest */;
			productType = "com.apple.product-type.bundle.ui-testing";
		};
/* End PBXNativeTarget section */

/* Begin PBXProject section */
		8431A93D1F00A89A00AEAC96 /* Project object */ = {
			isa = PBXProject;
			attributes = {
				LastUpgradeCheck = 0830;
				ORGANIZATIONNAME = qifan.zhang;
				TargetAttributes = {
					8431A9441F00A89A00AEAC96 = {
						CreatedOnToolsVersion = 8.3.3;
						DevelopmentTeam = N8Y3LCHZY9;
						ProvisioningStyle = Automatic;
					};
					8431A95D1F00A89A00AEAC96 = {
						CreatedOnToolsVersion = 8.3.3;
						DevelopmentTeam = N8Y3LCHZY9;
						ProvisioningStyle = Automatic;
						TestTargetID = 8431A9441F00A89A00AEAC96;
					};
					8431A9681F00A89A00AEAC96 = {
						CreatedOnToolsVersion = 8.3.3;
						DevelopmentTeam = N8Y3LCHZY9;
						ProvisioningStyle = Automatic;
						TestTargetID = 8431A9441F00A89A00AEAC96;
					};
				};
			};
			buildConfigurationList = 8431A9401F00A89A00AEAC96 /* Build configuration list for PBXProject "ReplayerDemo" */;
			compatibilityVersion = "Xcode 3.2";
			developmentRegion = English;
			hasScannedForEncodings = 0;
			knownRegions = (
				en,
				Base,
			);
			mainGroup = 8431A93C1F00A89A00AEAC96;
			productRefGroup = 8431A9461F00A89A00AEAC96 /* Products */;
			projectDirPath = "";
			projectRoot = "";
			targets = (
				8431A9441F00A89A00AEAC96 /* ReplayerDemo */,
				8431A95D1F00A89A00AEAC96 /* ReplayerDemoTests */,
				8431A9681F00A89A00AEAC96 /* ReplayerDemoUITests */,
			);
		};
/* End PBXProject section */

/* Begin PBXResourcesBuildPhase section */
		8431A9431F00A89A00AEAC96 /* Resources */ = {
			isa = PBXResourcesBuildPhase;
			buildActionMask = 2147483647;
			files = (
				849AC66B1F0A382100F9EC79 /* ReplayerResource.bundle in Resources */,
				8431A9581F00A89A00AEAC96 /* LaunchScreen.storyboard in Resources */,
				8431A99D1F00E8A800AEAC96 /* VideoListViewController.xib in Resources */,
				8431A9A21F01008E00AEAC96 /* ReplayerViewController.xib in Resources */,
				8431A9551F00A89A00AEAC96 /* Assets.xcassets in Resources */,
			);
			runOnlyForDeploymentPostprocessing = 0;
		};
		8431A95C1F00A89A00AEAC96 /* Resources */ = {
			isa = PBXResourcesBuildPhase;
			buildActionMask = 2147483647;
			files = (
			);
			runOnlyForDeploymentPostprocessing = 0;
		};
		8431A9671F00A89A00AEAC96 /* Resources */ = {
			isa = PBXResourcesBuildPhase;
			buildActionMask = 2147483647;
			files = (
			);
			runOnlyForDeploymentPostprocessing = 0;
		};
/* End PBXResourcesBuildPhase section */

/* Begin PBXShellScriptBuildPhase section */
		6005BB9B494B53E1BAAA728A /* [CP] Copy Pods Resources */ = {
			isa = PBXShellScriptBuildPhase;
			buildActionMask = 2147483647;
			files = (
			);
			inputPaths = (
			);
			name = "[CP] Copy Pods Resources";
			outputPaths = (
			);
			runOnlyForDeploymentPostprocessing = 0;
			shellPath = /bin/sh;
			shellScript = "\"${SRCROOT}/Pods/Target Support Files/Pods-ReplayerDemo/Pods-ReplayerDemo-resources.sh\"\n";
			showEnvVarsInLog = 0;
		};
		812784E68621AC66DE40CAE7 /* [CP] Embed Pods Frameworks */ = {
			isa = PBXShellScriptBuildPhase;
			buildActionMask = 2147483647;
			files = (
			);
			inputPaths = (
			);
			name = "[CP] Embed Pods Frameworks";
			outputPaths = (
			);
			runOnlyForDeploymentPostprocessing = 0;
			shellPath = /bin/sh;
			shellScript = "\"${SRCROOT}/Pods/Target Support Files/Pods-ReplayerDemo/Pods-ReplayerDemo-frameworks.sh\"\n";
			showEnvVarsInLog = 0;
		};
		F0B7582405E7ABCDC02F4A74 /* [CP] Check Pods Manifest.lock */ = {
			isa = PBXShellScriptBuildPhase;
			buildActionMask = 2147483647;
			files = (
			);
			inputPaths = (
			);
			name = "[CP] Check Pods Manifest.lock";
			outputPaths = (
			);
			runOnlyForDeploymentPostprocessing = 0;
			shellPath = /bin/sh;
			shellScript = "diff \"${PODS_PODFILE_DIR_PATH}/Podfile.lock\" \"${PODS_ROOT}/Manifest.lock\" > /dev/null\nif [ $? != 0 ] ; then\n    # print error to STDERR\n    echo \"error: The sandbox is not in sync with the Podfile.lock. Run 'pod install' or update your CocoaPods installation.\" >&2\n    exit 1\nfi\n";
			showEnvVarsInLog = 0;
		};
/* End PBXShellScriptBuildPhase section */

/* Begin PBXSourcesBuildPhase section */
		8431A9411F00A89A00AEAC96 /* Sources */ = {
			isa = PBXSourcesBuildPhase;
			buildActionMask = 2147483647;
			files = (
				849AC66D1F0A382100F9EC79 /* ReplayerTask.m in Sources */,
				8431A94D1F00A89A00AEAC96 /* AppDelegate.m in Sources */,
				849AC66E1F0A382100F9EC79 /* ReplayerTrackSlider.m in Sources */,
				849AC66C1F0A382100F9EC79 /* ReplayerStatusBarManager.m in Sources */,
				849AC6691F0A382100F9EC79 /* ReplayerPanel.m in Sources */,
				8431A9A11F01008E00AEAC96 /* ReplayerViewController.m in Sources */,
				849AC6701F0A382100F9EC79 /* UIWindow+GetCurrentViewController.m in Sources */,
				849AC66A1F0A382100F9EC79 /* ReplayerPlaybackCache.m in Sources */,
				8431A94A1F00A89A00AEAC96 /* main.m in Sources */,
				8431A99C1F00E8A800AEAC96 /* VideoListViewController.m in Sources */,
				849AC6671F0A382100F9EC79 /* ReplayerBrightness.m in Sources */,
				849AC6651F0A382100F9EC79 /* Reachability.m in Sources */,
				849AC66F1F0A382100F9EC79 /* UIView+ReplayerPanelProtocol.m in Sources */,
				849AC6681F0A382100F9EC79 /* ReplayerLoading.m in Sources */,
				849AC6661F0A382100F9EC79 /* Replayer.m in Sources */,
			);
			runOnlyForDeploymentPostprocessing = 0;
		};
		8431A95A1F00A89A00AEAC96 /* Sources */ = {
			isa = PBXSourcesBuildPhase;
			buildActionMask = 2147483647;
			files = (
				8431A9631F00A89A00AEAC96 /* ReplayerDemoTests.m in Sources */,
			);
			runOnlyForDeploymentPostprocessing = 0;
		};
		8431A9651F00A89A00AEAC96 /* Sources */ = {
			isa = PBXSourcesBuildPhase;
			buildActionMask = 2147483647;
			files = (
				8431A96E1F00A89A00AEAC96 /* ReplayerDemoUITests.m in Sources */,
			);
			runOnlyForDeploymentPostprocessing = 0;
		};
/* End PBXSourcesBuildPhase section */

/* Begin PBXTargetDependency section */
		8431A9601F00A89A00AEAC96 /* PBXTargetDependency */ = {
			isa = PBXTargetDependency;
			target = 8431A9441F00A89A00AEAC96 /* ReplayerDemo */;
			targetProxy = 8431A95F1F00A89A00AEAC96 /* PBXContainerItemProxy */;
		};
		8431A96B1F00A89A00AEAC96 /* PBXTargetDependency */ = {
			isa = PBXTargetDependency;
			target = 8431A9441F00A89A00AEAC96 /* ReplayerDemo */;
			targetProxy = 8431A96A1F00A89A00AEAC96 /* PBXContainerItemProxy */;
		};
/* End PBXTargetDependency section */

/* Begin PBXVariantGroup section */
		8431A9561F00A89A00AEAC96 /* LaunchScreen.storyboard */ = {
			isa = PBXVariantGroup;
			children = (
				8431A9571F00A89A00AEAC96 /* Base */,
			);
			name = LaunchScreen.storyboard;
			sourceTree = "<group>";
		};
/* End PBXVariantGroup section */

/* Begin XCBuildConfiguration section */
		8431A9701F00A89A00AEAC96 /* Debug */ = {
			isa = XCBuildConfiguration;
			buildSettings = {
				ALWAYS_SEARCH_USER_PATHS = NO;
				CLANG_ANALYZER_NONNULL = YES;
				CLANG_ANALYZER_NUMBER_OBJECT_CONVERSION = YES_AGGRESSIVE;
				CLANG_CXX_LANGUAGE_STANDARD = "gnu++0x";
				CLANG_CXX_LIBRARY = "libc++";
				CLANG_ENABLE_MODULES = YES;
				CLANG_ENABLE_OBJC_ARC = YES;
				CLANG_WARN_BOOL_CONVERSION = YES;
				CLANG_WARN_CONSTANT_CONVERSION = YES;
				CLANG_WARN_DIRECT_OBJC_ISA_USAGE = YES_ERROR;
				CLANG_WARN_DOCUMENTATION_COMMENTS = YES;
				CLANG_WARN_EMPTY_BODY = YES;
				CLANG_WARN_ENUM_CONVERSION = YES;
				CLANG_WARN_INFINITE_RECURSION = YES;
				CLANG_WARN_INT_CONVERSION = YES;
				CLANG_WARN_OBJC_ROOT_CLASS = YES_ERROR;
				CLANG_WARN_SUSPICIOUS_MOVE = YES;
				CLANG_WARN_UNREACHABLE_CODE = YES;
				CLANG_WARN__DUPLICATE_METHOD_MATCH = YES;
				"CODE_SIGN_IDENTITY[sdk=iphoneos*]" = "iPhone Developer";
				COPY_PHASE_STRIP = NO;
				DEBUG_INFORMATION_FORMAT = dwarf;
				ENABLE_STRICT_OBJC_MSGSEND = YES;
				ENABLE_TESTABILITY = YES;
				GCC_C_LANGUAGE_STANDARD = gnu99;
				GCC_DYNAMIC_NO_PIC = NO;
				GCC_NO_COMMON_BLOCKS = YES;
				GCC_OPTIMIZATION_LEVEL = 0;
				GCC_PREPROCESSOR_DEFINITIONS = (
					"DEBUG=1",
					"$(inherited)",
				);
				GCC_WARN_64_TO_32_BIT_CONVERSION = YES;
				GCC_WARN_ABOUT_RETURN_TYPE = YES_ERROR;
				GCC_WARN_UNDECLARED_SELECTOR = YES;
				GCC_WARN_UNINITIALIZED_AUTOS = YES_AGGRESSIVE;
				GCC_WARN_UNUSED_FUNCTION = YES;
				GCC_WARN_UNUSED_VARIABLE = YES;
				IPHONEOS_DEPLOYMENT_TARGET = 10.3;
				MTL_ENABLE_DEBUG_INFO = YES;
				ONLY_ACTIVE_ARCH = YES;
				SDKROOT = iphoneos;
			};
			name = Debug;
		};
		8431A9711F00A89A00AEAC96 /* Release */ = {
			isa = XCBuildConfiguration;
			buildSettings = {
				ALWAYS_SEARCH_USER_PATHS = NO;
				CLANG_ANALYZER_NONNULL = YES;
				CLANG_ANALYZER_NUMBER_OBJECT_CONVERSION = YES_AGGRESSIVE;
				CLANG_CXX_LANGUAGE_STANDARD = "gnu++0x";
				CLANG_CXX_LIBRARY = "libc++";
				CLANG_ENABLE_MODULES = YES;
				CLANG_ENABLE_OBJC_ARC = YES;
				CLANG_WARN_BOOL_CONVERSION = YES;
				CLANG_WARN_CONSTANT_CONVERSION = YES;
				CLANG_WARN_DIRECT_OBJC_ISA_USAGE = YES_ERROR;
				CLANG_WARN_DOCUMENTATION_COMMENTS = YES;
				CLANG_WARN_EMPTY_BODY = YES;
				CLANG_WARN_ENUM_CONVERSION = YES;
				CLANG_WARN_INFINITE_RECURSION = YES;
				CLANG_WARN_INT_CONVERSION = YES;
				CLANG_WARN_OBJC_ROOT_CLASS = YES_ERROR;
				CLANG_WARN_SUSPICIOUS_MOVE = YES;
				CLANG_WARN_UNREACHABLE_CODE = YES;
				CLANG_WARN__DUPLICATE_METHOD_MATCH = YES;
				"CODE_SIGN_IDENTITY[sdk=iphoneos*]" = "iPhone Developer";
				COPY_PHASE_STRIP = NO;
				DEBUG_INFORMATION_FORMAT = "dwarf-with-dsym";
				ENABLE_NS_ASSERTIONS = NO;
				ENABLE_STRICT_OBJC_MSGSEND = YES;
				GCC_C_LANGUAGE_STANDARD = gnu99;
				GCC_NO_COMMON_BLOCKS = YES;
				GCC_WARN_64_TO_32_BIT_CONVERSION = YES;
				GCC_WARN_ABOUT_RETURN_TYPE = YES_ERROR;
				GCC_WARN_UNDECLARED_SELECTOR = YES;
				GCC_WARN_UNINITIALIZED_AUTOS = YES_AGGRESSIVE;
				GCC_WARN_UNUSED_FUNCTION = YES;
				GCC_WARN_UNUSED_VARIABLE = YES;
				IPHONEOS_DEPLOYMENT_TARGET = 10.3;
				MTL_ENABLE_DEBUG_INFO = NO;
				SDKROOT = iphoneos;
				VALIDATE_PRODUCT = YES;
			};
			name = Release;
		};
		8431A9731F00A89A00AEAC96 /* Debug */ = {
			isa = XCBuildConfiguration;
			baseConfigurationReference = 55F30A17AE6568BC4336C1DF /* Pods-ReplayerDemo.debug.xcconfig */;
			buildSettings = {
				ASSETCATALOG_COMPILER_APPICON_NAME = AppIcon;
				DEVELOPMENT_TEAM = N8Y3LCHZY9;
				INFOPLIST_FILE = ReplayerDemo/Info.plist;
				IPHONEOS_DEPLOYMENT_TARGET = 8.0;
				LD_RUNPATH_SEARCH_PATHS = "$(inherited) @executable_path/Frameworks";
				PRODUCT_BUNDLE_IDENTIFIER = chipmuck.ReplayerDemo;
				PRODUCT_NAME = "$(TARGET_NAME)";
			};
			name = Debug;
		};
		8431A9741F00A89A00AEAC96 /* Release */ = {
			isa = XCBuildConfiguration;
			baseConfigurationReference = 65AECF0F5033413A160156C0 /* Pods-ReplayerDemo.release.xcconfig */;
			buildSettings = {
				ASSETCATALOG_COMPILER_APPICON_NAME = AppIcon;
				DEVELOPMENT_TEAM = N8Y3LCHZY9;
				INFOPLIST_FILE = ReplayerDemo/Info.plist;
				IPHONEOS_DEPLOYMENT_TARGET = 8.0;
				LD_RUNPATH_SEARCH_PATHS = "$(inherited) @executable_path/Frameworks";
				PRODUCT_BUNDLE_IDENTIFIER = chipmuck.ReplayerDemo;
				PRODUCT_NAME = "$(TARGET_NAME)";
			};
			name = Release;
		};
		8431A9761F00A89A00AEAC96 /* Debug */ = {
			isa = XCBuildConfiguration;
			buildSettings = {
				BUNDLE_LOADER = "$(TEST_HOST)";
				DEVELOPMENT_TEAM = N8Y3LCHZY9;
				INFOPLIST_FILE = ReplayerDemoTests/Info.plist;
				LD_RUNPATH_SEARCH_PATHS = "$(inherited) @executable_path/Frameworks @loader_path/Frameworks";
				PRODUCT_BUNDLE_IDENTIFIER = chipmuck.ReplayerDemoTests;
				PRODUCT_NAME = "$(TARGET_NAME)";
				TEST_HOST = "$(BUILT_PRODUCTS_DIR)/ReplayerDemo.app/ReplayerDemo";
			};
			name = Debug;
		};
		8431A9771F00A89A00AEAC96 /* Release */ = {
			isa = XCBuildConfiguration;
			buildSettings = {
				BUNDLE_LOADER = "$(TEST_HOST)";
				DEVELOPMENT_TEAM = N8Y3LCHZY9;
				INFOPLIST_FILE = ReplayerDemoTests/Info.plist;
				LD_RUNPATH_SEARCH_PATHS = "$(inherited) @executable_path/Frameworks @loader_path/Frameworks";
				PRODUCT_BUNDLE_IDENTIFIER = chipmuck.ReplayerDemoTests;
				PRODUCT_NAME = "$(TARGET_NAME)";
				TEST_HOST = "$(BUILT_PRODUCTS_DIR)/ReplayerDemo.app/ReplayerDemo";
			};
			name = Release;
		};
		8431A9791F00A89A00AEAC96 /* Debug */ = {
			isa = XCBuildConfiguration;
			buildSettings = {
				DEVELOPMENT_TEAM = N8Y3LCHZY9;
				INFOPLIST_FILE = ReplayerDemoUITests/Info.plist;
				LD_RUNPATH_SEARCH_PATHS = "$(inherited) @executable_path/Frameworks @loader_path/Frameworks";
				PRODUCT_BUNDLE_IDENTIFIER = chipmuck.ReplayerDemoUITests;
				PRODUCT_NAME = "$(TARGET_NAME)";
				TEST_TARGET_NAME = ReplayerDemo;
			};
			name = Debug;
		};
		8431A97A1F00A89A00AEAC96 /* Release */ = {
			isa = XCBuildConfiguration;
			buildSettings = {
				DEVELOPMENT_TEAM = N8Y3LCHZY9;
				INFOPLIST_FILE = ReplayerDemoUITests/Info.plist;
				LD_RUNPATH_SEARCH_PATHS = "$(inherited) @executable_path/Frameworks @loader_path/Frameworks";
				PRODUCT_BUNDLE_IDENTIFIER = chipmuck.ReplayerDemoUITests;
				PRODUCT_NAME = "$(TARGET_NAME)";
				TEST_TARGET_NAME = ReplayerDemo;
			};
			name = Release;
		};
/* End XCBuildConfiguration section */

/* Begin XCConfigurationList section */
		8431A9401F00A89A00AEAC96 /* Build configuration list for PBXProject "ReplayerDemo" */ = {
			isa = XCConfigurationList;
			buildConfigurations = (
				8431A9701F00A89A00AEAC96 /* Debug */,
				8431A9711F00A89A00AEAC96 /* Release */,
			);
			defaultConfigurationIsVisible = 0;
			defaultConfigurationName = Release;
		};
		8431A9721F00A89A00AEAC96 /* Build configuration list for PBXNativeTarget "ReplayerDemo" */ = {
			isa = XCConfigurationList;
			buildConfigurations = (
				8431A9731F00A89A00AEAC96 /* Debug */,
				8431A9741F00A89A00AEAC96 /* Release */,
			);
			defaultConfigurationIsVisible = 0;
			defaultConfigurationName = Release;
		};
		8431A9751F00A89A00AEAC96 /* Build configuration list for PBXNativeTarget "ReplayerDemoTests" */ = {
			isa = XCConfigurationList;
			buildConfigurations = (
				8431A9761F00A89A00AEAC96 /* Debug */,
				8431A9771F00A89A00AEAC96 /* Release */,
			);
			defaultConfigurationIsVisible = 0;
			defaultConfigurationName = Release;
		};
		8431A9781F00A89A00AEAC96 /* Build configuration list for PBXNativeTarget "ReplayerDemoUITests" */ = {
			isa = XCConfigurationList;
			buildConfigurations = (
				8431A9791F00A89A00AEAC96 /* Debug */,
				8431A97A1F00A89A00AEAC96 /* Release */,
			);
			defaultConfigurationIsVisible = 0;
			defaultConfigurationName = Release;
		};
/* End XCConfigurationList section */
	};
	rootObject = 8431A93D1F00A89A00AEAC96 /* Project object */;
}
